PODS:
  - Bolts/Tasks (1.8.4)
  - Parse (1.14.2):
    - Bolts/Tasks (~> 1.8)
  - SideMenu (2.0.3)
  - SwiftGifOrigin (1.6)

DEPENDENCIES:
  - Parse
  - SideMenu
  - SwiftGifOrigin (from `https://github.com/bahlo/SwiftGif`, tag `v1.6`)

EXTERNAL SOURCES:
  SwiftGifOrigin:
    :git: https://github.com/bahlo/SwiftGif
    :tag: v1.6

CHECKOUT OPTIONS:
  SwiftGifOrigin:
    :git: https://github.com/bahlo/SwiftGif
    :tag: v1.6

SPEC CHECKSUMS:
  Bolts: 8a7995239dbe724f9cba2248b766d48b7ebdd322
  Parse: 4335d65f40cb3d43190d723144bbe1afb9c38230
  SideMenu: f179260f85c68ed9b283b4a505600f2e6cbdfb10
  SwiftGifOrigin: 429def6d552f97be0c76b4092ffd3c8ae6635a23

PODFILE CHECKSUM: f067220b2ecf305d3f3c45dd8a20908eeb377b62

COCOAPODS: 1.1.0.rc.2
